
Microsoft Visual Studio Solution File, Format Version 10.00
# Visual Studio 2008
Project("{FAE04EC0-301F-11D3-BF4B-00C04F79EFBC}") = "AGB.MapHack", "AGB.MapHack\AGB.MapHack.csproj", "{4C2A79F6-BBDD-4C44-BEAD-868E1EF7F860}"
EndProject
Project("{FAE04EC0-301F-11D3-BF4B-00C04F79EFBC}") = "AGB.D2", "..\AGB\AGB.D2\AGB.D2.csproj", "{4B696839-F673-40C2-962F-434350DFD44B}"
EndProject
Project("{FAE04EC0-301F-11D3-BF4B-00C04F79EFBC}") = "AGB", "..\AGB\AGB\AGB.csproj", "{52B22A86-1E64-4A30-8D35-85E342629737}"
EndProject
Project("{FAE04EC0-301F-11D3-BF4B-00C04F79EFBC}") = "DiabloReader", "DiabloReader\DiabloReader.csproj", "{C8104AE7-5F07-4CA3-A4BA-03139B6B147A}"
EndProject
Project("{FAE04EC0-301F-11D3-BF4B-00C04F79EFBC}") = "AGB.Mapping", "..\AGB\AGB.Mapping\AGB.Mapping.csproj", "{04A5F29B-BECD-4C33-9E1D-FDCA5C543D20}"
EndProject
Global
	GlobalSection(SolutionConfigurationPlatforms) = preSolution
		Debug|Any CPU = Debug|Any CPU
		Release|Any CPU = Release|Any CPU
	EndGlobalSection
	GlobalSection(ProjectConfigurationPlatforms) = postSolution
		{4C2A79F6-BBDD-4C44-BEAD-868E1EF7F860}.Debug|Any CPU.ActiveCfg = Debug|Any CPU
		{4C2A79F6-BBDD-4C44-BEAD-868E1EF7F860}.Debug|Any CPU.Build.0 = Debug|Any CPU
		{4C2A79F6-BBDD-4C44-BEAD-868E1EF7F860}.Release|Any CPU.ActiveCfg = Release|Any CPU
		{4C2A79F6-BBDD-4C44-BEAD-868E1EF7F860}.Release|Any CPU.Build.0 = Release|Any CPU
		{4B696839-F673-40C2-962F-434350DFD44B}.Debug|Any CPU.ActiveCfg = Debug|Any CPU
		{4B696839-F673-40C2-962F-434350DFD44B}.Debug|Any CPU.Build.0 = Debug|Any CPU
		{4B696839-F673-40C2-962F-434350DFD44B}.Release|Any CPU.ActiveCfg = Release|Any CPU
		{4B696839-F673-40C2-962F-434350DFD44B}.Release|Any CPU.Build.0 = Release|Any CPU
		{52B22A86-1E64-4A30-8D35-85E342629737}.Debug|Any CPU.ActiveCfg = Debug|Any CPU
		{52B22A86-1E64-4A30-8D35-85E342629737}.Debug|Any CPU.Build.0 = Debug|Any CPU
		{52B22A86-1E64-4A30-8D35-85E342629737}.Release|Any CPU.ActiveCfg = Release|Any CPU
		{52B22A86-1E64-4A30-8D35-85E342629737}.Release|Any CPU.Build.0 = Release|Any CPU
		{C8104AE7-5F07-4CA3-A4BA-03139B6B147A}.Debug|Any CPU.ActiveCfg = Debug|Any CPU
		{C8104AE7-5F07-4CA3-A4BA-03139B6B147A}.Debug|Any CPU.Build.0 = Debug|Any CPU
		{C8104AE7-5F07-4CA3-A4BA-03139B6B147A}.Release|Any CPU.ActiveCfg = Release|Any CPU
		{C8104AE7-5F07-4CA3-A4BA-03139B6B147A}.Release|Any CPU.Build.0 = Release|Any CPU
		{04A5F29B-BECD-4C33-9E1D-FDCA5C543D20}.Debug|Any CPU.ActiveCfg = Debug|Any CPU
		{04A5F29B-BECD-4C33-9E1D-FDCA5C543D20}.Debug|Any CPU.Build.0 = Debug|Any CPU
		{04A5F29B-BECD-4C33-9E1D-FDCA5C543D20}.Release|Any CPU.ActiveCfg = Release|Any CPU
		{04A5F29B-BECD-4C33-9E1D-FDCA5C543D20}.Release|Any CPU.Build.0 = Release|Any CPU
	EndGlobalSection
	GlobalSection(SolutionProperties) = preSolution
		HideSolutionNode = FALSE
	EndGlobalSection
EndGlobal
